
Microsoft Visual Studio Solution File, Format Version 12.00
# Visual Studio Version 17
VisualStudioVersion = 17.7.34018.315
MinimumVisualStudioVersion = 10.0.40219.1
Project("{FAE04EC0-301F-11D3-BF4B-00C04F79EFBC}") = "I STORE", "I STORE\I STORE.csproj", "{8A37A7F9-45A1-4606-A2B7-7BF706EAB8B5}"
EndProject
Global
	GlobalSection(SolutionConfigurationPlatforms) = preSolution
		Debug|Any CPU = Debug|Any CPU
		Release|Any CPU = Release|Any CPU
	EndGlobalSection
	GlobalSection(ProjectConfigurationPlatforms) = postSolution
		{8A37A7F9-45A1-4606-A2B7-7BF706EAB8B5}.Debug|Any CPU.ActiveCfg = Debug|Any CPU
		{8A37A7F9-45A1-4606-A2B7-7BF706EAB8B5}.Debug|Any CPU.Build.0 = Debug|Any CPU
		{8A37A7F9-45A1-4606-A2B7-7BF706EAB8B5}.Release|Any CPU.ActiveCfg = Release|Any CPU
		{8A37A7F9-45A1-4606-A2B7-7BF706EAB8B5}.Release|Any CPU.Build.0 = Release|Any CPU
	EndGlobalSection
	GlobalSection(SolutionProperties) = preSolution
		HideSolutionNode = FALSE
	EndGlobalSection
	GlobalSection(ExtensibilityGlobals) = postSolution
		SolutionGuid = {ED89B91E-532E-499F-A099-45E27DC8EB56}
	EndGlobalSection
EndGlobal
