
Microsoft Visual Studio Solution File, Format Version 12.00
# Visual Studio Version 17
VisualStudioVersion = 17.7.34018.315
MinimumVisualStudioVersion = 10.0.40219.1
Project("{9A19103F-16F7-4668-BE54-9A1E7A4F7556}") = "I STORE", "I STORE\I STORE.csproj", "{8A37A7F9-45A1-4606-A2B7-7BF706EAB8B5}"
EndProject
Project("{2150E333-8FDC-42A3-9474-1A3956D46DE8}") = "Application", "Application", "{0D6F8119-206D-455D-BEF5-18AAF92AD229}"
EndProject
Project("{2150E333-8FDC-42A3-9474-1A3956D46DE8}") = "Context", "Context", "{5A20C249-2C64-4646-A2BC-4D8648133B21}"
EndProject
Project("{9A19103F-16F7-4668-BE54-9A1E7A4F7556}") = "Application", "Application\Application.csproj", "{6E406656-D32B-4EEF-801D-E03235DEE018}"
EndProject
Project("{9A19103F-16F7-4668-BE54-9A1E7A4F7556}") = "Context", "Context\Context.csproj", "{AE00930D-67EC-4395-B1D4-F52FE96B09D4}"
EndProject
Global
	GlobalSection(SolutionConfigurationPlatforms) = preSolution
		Debug|Any CPU = Debug|Any CPU
		Release|Any CPU = Release|Any CPU
	EndGlobalSection
	GlobalSection(ProjectConfigurationPlatforms) = postSolution
		{8A37A7F9-45A1-4606-A2B7-7BF706EAB8B5}.Debug|Any CPU.ActiveCfg = Debug|Any CPU
		{8A37A7F9-45A1-4606-A2B7-7BF706EAB8B5}.Debug|Any CPU.Build.0 = Debug|Any CPU
		{8A37A7F9-45A1-4606-A2B7-7BF706EAB8B5}.Release|Any CPU.ActiveCfg = Release|Any CPU
		{8A37A7F9-45A1-4606-A2B7-7BF706EAB8B5}.Release|Any CPU.Build.0 = Release|Any CPU
		{6E406656-D32B-4EEF-801D-E03235DEE018}.Debug|Any CPU.ActiveCfg = Debug|Any CPU
		{6E406656-D32B-4EEF-801D-E03235DEE018}.Debug|Any CPU.Build.0 = Debug|Any CPU
		{6E406656-D32B-4EEF-801D-E03235DEE018}.Release|Any CPU.ActiveCfg = Release|Any CPU
		{6E406656-D32B-4EEF-801D-E03235DEE018}.Release|Any CPU.Build.0 = Release|Any CPU
		{AE00930D-67EC-4395-B1D4-F52FE96B09D4}.Debug|Any CPU.ActiveCfg = Debug|Any CPU
		{AE00930D-67EC-4395-B1D4-F52FE96B09D4}.Debug|Any CPU.Build.0 = Debug|Any CPU
		{AE00930D-67EC-4395-B1D4-F52FE96B09D4}.Release|Any CPU.ActiveCfg = Release|Any CPU
		{AE00930D-67EC-4395-B1D4-F52FE96B09D4}.Release|Any CPU.Build.0 = Release|Any CPU
	EndGlobalSection
	GlobalSection(SolutionProperties) = preSolution
		HideSolutionNode = FALSE
	EndGlobalSection
	GlobalSection(NestedProjects) = preSolution
		{6E406656-D32B-4EEF-801D-E03235DEE018} = {0D6F8119-206D-455D-BEF5-18AAF92AD229}
		{AE00930D-67EC-4395-B1D4-F52FE96B09D4} = {5A20C249-2C64-4646-A2BC-4D8648133B21}
	EndGlobalSection
	GlobalSection(ExtensibilityGlobals) = postSolution
		SolutionGuid = {ED89B91E-532E-499F-A099-45E27DC8EB56}
	EndGlobalSection
EndGlobal
